
Microsoft Visual Studio Solution File, Format Version 12.00
# Visual Studio Version 16
VisualStudioVersion = 16.0.33423.256
MinimumVisualStudioVersion = 10.0.40219.1
Project("{FAE04EC0-301F-11D3-BF4B-00C04F79EFBC}") = "CubemapFixer", "CubemapFixer.csproj", "{37275B66-4DF9-45BE-A41D-063F19B7E9CD}"
EndProject
Global
	GlobalSection(SolutionConfigurationPlatforms) = preSolution
		Debug|Any CPU = Debug|Any CPU
		Release|Any CPU = Release|Any CPU
	EndGlobalSection
	GlobalSection(ProjectConfigurationPlatforms) = postSolution
		{37275B66-4DF9-45BE-A41D-063F19B7E9CD}.Debug|Any CPU.ActiveCfg = Debug|Any CPU
		{37275B66-4DF9-45BE-A41D-063F19B7E9CD}.Debug|Any CPU.Build.0 = Debug|Any CPU
		{37275B66-4DF9-45BE-A41D-063F19B7E9CD}.Release|Any CPU.ActiveCfg = Release|Any CPU
		{37275B66-4DF9-45BE-A41D-063F19B7E9CD}.Release|Any CPU.Build.0 = Release|Any CPU
	EndGlobalSection
	GlobalSection(SolutionProperties) = preSolution
		HideSolutionNode = FALSE
	EndGlobalSection
	GlobalSection(ExtensibilityGlobals) = postSolution
		SolutionGuid = {D3617F8E-0F69-47FE-9D99-B904EDB640AC}
	EndGlobalSection
EndGlobal
